
Microsoft Visual Studio Solution File, Format Version 12.00
# Visual Studio Version 17
VisualStudioVersion = 17.2.32630.192
MinimumVisualStudioVersion = 10.0.40219.1
Project("{9A19103F-16F7-4668-BE54-9A1E7A4F7556}") = "R5T.F0055.Construction", "R5T.F0055.Construction\R5T.F0055.Construction.csproj", "{C281020A-CC36-47D1-9C13-7ABD1AEBE5DD}"
EndProject
Project("{9A19103F-16F7-4668-BE54-9A1E7A4F7556}") = "R5T.F0055", "R5T.F0055\R5T.F0055.csproj", "{6430A04E-7707-45B4-93FE-A41FE7C7597C}"
EndProject
Project("{2150E333-8FDC-42A3-9474-1A3956D46DE8}") = "_Dependencies", "_Dependencies", "{6A1941E4-A30F-46D5-836D-E76440453BDE}"
EndProject
Project("{9A19103F-16F7-4668-BE54-9A1E7A4F7556}") = "R5T.F0044", "..\..\R5T.F0044\source\R5T.F0044\R5T.F0044.csproj", "{3A77510E-832D-4704-91AB-EF5AE9302001}"
EndProject
Project("{9A19103F-16F7-4668-BE54-9A1E7A4F7556}") = "R5T.T0131", "..\..\R5T.T0131\source\R5T.T0131\R5T.T0131.csproj", "{7000C470-0480-4494-B720-D33C781AE077}"
EndProject
Project("{9A19103F-16F7-4668-BE54-9A1E7A4F7556}") = "R5T.T0132", "..\..\R5T.T0132\source\R5T.T0132\R5T.T0132.csproj", "{F47010FD-29EE-4B0F-A4AA-B68E31177A78}"
EndProject
Project("{9A19103F-16F7-4668-BE54-9A1E7A4F7556}") = "R5T.T0143", "..\..\R5T.T0143\source\R5T.T0143\R5T.T0143.csproj", "{E696F795-451C-4590-A889-592322CCC871}"
EndProject
Project("{9A19103F-16F7-4668-BE54-9A1E7A4F7556}") = "R5T.T0156", "..\..\R5T.T0156\source\R5T.T0156\R5T.T0156.csproj", "{51B05F78-FBF9-4BB2-9E92-93011510ADBD}"
EndProject
Project("{9A19103F-16F7-4668-BE54-9A1E7A4F7556}") = "R5T.Y0000", "..\..\R5T.Y0000\source\R5T.Y0000\R5T.Y0000.csproj", "{7BD0333E-4E76-4760-9201-A8007CA6AC62}"
EndProject
Project("{9A19103F-16F7-4668-BE54-9A1E7A4F7556}") = "R5T.Y0006", "..\..\R5T.Y0006\source\R5T.Y0006\R5T.Y0006.csproj", "{892A56F0-D128-4ACA-A2A7-84DE00F6DD97}"
EndProject
Project("{9A19103F-16F7-4668-BE54-9A1E7A4F7556}") = "R5T.Z0000", "..\..\R5T.Z0000\source\R5T.Z0000\R5T.Z0000.csproj", "{DDC4EDA3-D58D-4011-9F45-7EEB8AF70418}"
EndProject
Global
	GlobalSection(NestedProjects) = preSolution
		{3A77510E-832D-4704-91AB-EF5AE9302001} = {6A1941E4-A30F-46D5-836D-E76440453BDE}
		{7000C470-0480-4494-B720-D33C781AE077} = {6A1941E4-A30F-46D5-836D-E76440453BDE}
		{F47010FD-29EE-4B0F-A4AA-B68E31177A78} = {6A1941E4-A30F-46D5-836D-E76440453BDE}
		{E696F795-451C-4590-A889-592322CCC871} = {6A1941E4-A30F-46D5-836D-E76440453BDE}
		{51B05F78-FBF9-4BB2-9E92-93011510ADBD} = {6A1941E4-A30F-46D5-836D-E76440453BDE}
		{7BD0333E-4E76-4760-9201-A8007CA6AC62} = {6A1941E4-A30F-46D5-836D-E76440453BDE}
		{892A56F0-D128-4ACA-A2A7-84DE00F6DD97} = {6A1941E4-A30F-46D5-836D-E76440453BDE}
		{DDC4EDA3-D58D-4011-9F45-7EEB8AF70418} = {6A1941E4-A30F-46D5-836D-E76440453BDE}
	EndGlobalSection
	GlobalSection(SolutionConfigurationPlatforms) = preSolution
		Debug|Any CPU = Debug|Any CPU
		Release|Any CPU = Release|Any CPU
	EndGlobalSection
	GlobalSection(ProjectConfigurationPlatforms) = postSolution
		{C281020A-CC36-47D1-9C13-7ABD1AEBE5DD}.Debug|Any CPU.ActiveCfg = Debug|Any CPU
		{C281020A-CC36-47D1-9C13-7ABD1AEBE5DD}.Debug|Any CPU.Build.0 = Debug|Any CPU
		{C281020A-CC36-47D1-9C13-7ABD1AEBE5DD}.Release|Any CPU.ActiveCfg = Release|Any CPU
		{C281020A-CC36-47D1-9C13-7ABD1AEBE5DD}.Release|Any CPU.Build.0 = Release|Any CPU
		{6430A04E-7707-45B4-93FE-A41FE7C7597C}.Debug|Any CPU.ActiveCfg = Debug|Any CPU
		{6430A04E-7707-45B4-93FE-A41FE7C7597C}.Debug|Any CPU.Build.0 = Debug|Any CPU
		{6430A04E-7707-45B4-93FE-A41FE7C7597C}.Release|Any CPU.ActiveCfg = Release|Any CPU
		{6430A04E-7707-45B4-93FE-A41FE7C7597C}.Release|Any CPU.Build.0 = Release|Any CPU
		{3A77510E-832D-4704-91AB-EF5AE9302001}.Debug|Any CPU.ActiveCfg = Debug|Any CPU
		{3A77510E-832D-4704-91AB-EF5AE9302001}.Debug|Any CPU.Build.0 = Debug|Any CPU
		{3A77510E-832D-4704-91AB-EF5AE9302001}.Release|Any CPU.ActiveCfg = Release|Any CPU
		{3A77510E-832D-4704-91AB-EF5AE9302001}.Release|Any CPU.Build.0 = Release|Any CPU
		{7000C470-0480-4494-B720-D33C781AE077}.Debug|Any CPU.ActiveCfg = Debug|Any CPU
		{7000C470-0480-4494-B720-D33C781AE077}.Debug|Any CPU.Build.0 = Debug|Any CPU
		{7000C470-0480-4494-B720-D33C781AE077}.Release|Any CPU.ActiveCfg = Release|Any CPU
		{7000C470-0480-4494-B720-D33C781AE077}.Release|Any CPU.Build.0 = Release|Any CPU
		{F47010FD-29EE-4B0F-A4AA-B68E31177A78}.Debug|Any CPU.ActiveCfg = Debug|Any CPU
		{F47010FD-29EE-4B0F-A4AA-B68E31177A78}.Debug|Any CPU.Build.0 = Debug|Any CPU
		{F47010FD-29EE-4B0F-A4AA-B68E31177A78}.Release|Any CPU.ActiveCfg = Release|Any CPU
		{F47010FD-29EE-4B0F-A4AA-B68E31177A78}.Release|Any CPU.Build.0 = Release|Any CPU
		{E696F795-451C-4590-A889-592322CCC871}.Debug|Any CPU.ActiveCfg = Debug|Any CPU
		{E696F795-451C-4590-A889-592322CCC871}.Debug|Any CPU.Build.0 = Debug|Any CPU
		{E696F795-451C-4590-A889-592322CCC871}.Release|Any CPU.ActiveCfg = Release|Any CPU
		{E696F795-451C-4590-A889-592322CCC871}.Release|Any CPU.Build.0 = Release|Any CPU
		{51B05F78-FBF9-4BB2-9E92-93011510ADBD}.Debug|Any CPU.ActiveCfg = Debug|Any CPU
		{51B05F78-FBF9-4BB2-9E92-93011510ADBD}.Debug|Any CPU.Build.0 = Debug|Any CPU
		{51B05F78-FBF9-4BB2-9E92-93011510ADBD}.Release|Any CPU.ActiveCfg = Release|Any CPU
		{51B05F78-FBF9-4BB2-9E92-93011510ADBD}.Release|Any CPU.Build.0 = Release|Any CPU
		{7BD0333E-4E76-4760-9201-A8007CA6AC62}.Debug|Any CPU.ActiveCfg = Debug|Any CPU
		{7BD0333E-4E76-4760-9201-A8007CA6AC62}.Debug|Any CPU.Build.0 = Debug|Any CPU
		{7BD0333E-4E76-4760-9201-A8007CA6AC62}.Release|Any CPU.ActiveCfg = Release|Any CPU
		{7BD0333E-4E76-4760-9201-A8007CA6AC62}.Release|Any CPU.Build.0 = Release|Any CPU
		{892A56F0-D128-4ACA-A2A7-84DE00F6DD97}.Debug|Any CPU.ActiveCfg = Debug|Any CPU
		{892A56F0-D128-4ACA-A2A7-84DE00F6DD97}.Debug|Any CPU.Build.0 = Debug|Any CPU
		{892A56F0-D128-4ACA-A2A7-84DE00F6DD97}.Release|Any CPU.ActiveCfg = Release|Any CPU
		{892A56F0-D128-4ACA-A2A7-84DE00F6DD97}.Release|Any CPU.Build.0 = Release|Any CPU
		{DDC4EDA3-D58D-4011-9F45-7EEB8AF70418}.Debug|Any CPU.ActiveCfg = Debug|Any CPU
		{DDC4EDA3-D58D-4011-9F45-7EEB8AF70418}.Debug|Any CPU.Build.0 = Debug|Any CPU
		{DDC4EDA3-D58D-4011-9F45-7EEB8AF70418}.Release|Any CPU.ActiveCfg = Release|Any CPU
		{DDC4EDA3-D58D-4011-9F45-7EEB8AF70418}.Release|Any CPU.Build.0 = Release|Any CPU
	EndGlobalSection
	GlobalSection(SolutionProperties) = preSolution
		HideSolutionNode = FALSE
	EndGlobalSection
	GlobalSection(ExtensibilityGlobals) = postSolution
		SolutionGuid = {C665EA9F-FB52-475B-9AC4-174737C6CB9D}
	EndGlobalSection
EndGlobal
