
Microsoft Visual Studio Solution File, Format Version 12.00
# Visual Studio Version 17
VisualStudioVersion = 17.2.32630.192
MinimumVisualStudioVersion = 10.0.40219.1
Project("{9A19103F-16F7-4668-BE54-9A1E7A4F7556}") = "R5T.F0055", "R5T.F0055\R5T.F0055.csproj", "{B9EFF861-4C49-485D-975F-C1BAFAE04C0B}"
EndProject
Project("{2150E333-8FDC-42A3-9474-1A3956D46DE8}") = "_Dependencies", "_Dependencies", "{364F3450-5B9C-4B68-A5F9-F079114D39DC}"
EndProject
Project("{9A19103F-16F7-4668-BE54-9A1E7A4F7556}") = "R5T.T0132", "..\..\R5T.T0132\source\R5T.T0132\R5T.T0132.csproj", "{1B08091E-D30B-413D-81C3-1DE34C5F921D}"
EndProject
Project("{9A19103F-16F7-4668-BE54-9A1E7A4F7556}") = "R5T.F0044", "..\..\R5T.F0044\source\R5T.F0044\R5T.F0044.csproj", "{2AB65BD7-6547-4F50-89B2-70301CBD7A8D}"
EndProject
Global
	GlobalSection(SolutionConfigurationPlatforms) = preSolution
		Debug|Any CPU = Debug|Any CPU
		Release|Any CPU = Release|Any CPU
	EndGlobalSection
	GlobalSection(ProjectConfigurationPlatforms) = postSolution
		{B9EFF861-4C49-485D-975F-C1BAFAE04C0B}.Debug|Any CPU.ActiveCfg = Debug|Any CPU
		{B9EFF861-4C49-485D-975F-C1BAFAE04C0B}.Debug|Any CPU.Build.0 = Debug|Any CPU
		{B9EFF861-4C49-485D-975F-C1BAFAE04C0B}.Release|Any CPU.ActiveCfg = Release|Any CPU
		{B9EFF861-4C49-485D-975F-C1BAFAE04C0B}.Release|Any CPU.Build.0 = Release|Any CPU
		{1B08091E-D30B-413D-81C3-1DE34C5F921D}.Debug|Any CPU.ActiveCfg = Debug|Any CPU
		{1B08091E-D30B-413D-81C3-1DE34C5F921D}.Debug|Any CPU.Build.0 = Debug|Any CPU
		{1B08091E-D30B-413D-81C3-1DE34C5F921D}.Release|Any CPU.ActiveCfg = Release|Any CPU
		{1B08091E-D30B-413D-81C3-1DE34C5F921D}.Release|Any CPU.Build.0 = Release|Any CPU
		{2AB65BD7-6547-4F50-89B2-70301CBD7A8D}.Debug|Any CPU.ActiveCfg = Debug|Any CPU
		{2AB65BD7-6547-4F50-89B2-70301CBD7A8D}.Debug|Any CPU.Build.0 = Debug|Any CPU
		{2AB65BD7-6547-4F50-89B2-70301CBD7A8D}.Release|Any CPU.ActiveCfg = Release|Any CPU
		{2AB65BD7-6547-4F50-89B2-70301CBD7A8D}.Release|Any CPU.Build.0 = Release|Any CPU
	EndGlobalSection
	GlobalSection(SolutionProperties) = preSolution
		HideSolutionNode = FALSE
	EndGlobalSection
	GlobalSection(NestedProjects) = preSolution
		{1B08091E-D30B-413D-81C3-1DE34C5F921D} = {364F3450-5B9C-4B68-A5F9-F079114D39DC}
		{2AB65BD7-6547-4F50-89B2-70301CBD7A8D} = {364F3450-5B9C-4B68-A5F9-F079114D39DC}
	EndGlobalSection
	GlobalSection(ExtensibilityGlobals) = postSolution
		SolutionGuid = {F504AF4D-C7B6-43A4-A891-9C8557293126}
	EndGlobalSection
EndGlobal
