
Microsoft Visual Studio Solution File, Format Version 12.00
# Visual Studio Version 17
VisualStudioVersion = 17.2.32630.192
MinimumVisualStudioVersion = 10.0.40219.1
Project("{9A19103F-16F7-4668-BE54-9A1E7A4F7556}") = "R5T.F0055.Construction", "R5T.F0055.Construction\R5T.F0055.Construction.csproj", "{C281020A-CC36-47D1-9C13-7ABD1AEBE5DD}"
EndProject
Project("{9A19103F-16F7-4668-BE54-9A1E7A4F7556}") = "R5T.F0055", "R5T.F0055\R5T.F0055.csproj", "{6430A04E-7707-45B4-93FE-A41FE7C7597C}"
EndProject
Global
	GlobalSection(SolutionConfigurationPlatforms) = preSolution
		Debug|Any CPU = Debug|Any CPU
		Release|Any CPU = Release|Any CPU
	EndGlobalSection
	GlobalSection(ProjectConfigurationPlatforms) = postSolution
		{C281020A-CC36-47D1-9C13-7ABD1AEBE5DD}.Debug|Any CPU.ActiveCfg = Debug|Any CPU
		{C281020A-CC36-47D1-9C13-7ABD1AEBE5DD}.Debug|Any CPU.Build.0 = Debug|Any CPU
		{C281020A-CC36-47D1-9C13-7ABD1AEBE5DD}.Release|Any CPU.ActiveCfg = Release|Any CPU
		{C281020A-CC36-47D1-9C13-7ABD1AEBE5DD}.Release|Any CPU.Build.0 = Release|Any CPU
		{6430A04E-7707-45B4-93FE-A41FE7C7597C}.Debug|Any CPU.ActiveCfg = Debug|Any CPU
		{6430A04E-7707-45B4-93FE-A41FE7C7597C}.Debug|Any CPU.Build.0 = Debug|Any CPU
		{6430A04E-7707-45B4-93FE-A41FE7C7597C}.Release|Any CPU.ActiveCfg = Release|Any CPU
		{6430A04E-7707-45B4-93FE-A41FE7C7597C}.Release|Any CPU.Build.0 = Release|Any CPU
	EndGlobalSection
	GlobalSection(SolutionProperties) = preSolution
		HideSolutionNode = FALSE
	EndGlobalSection
	GlobalSection(ExtensibilityGlobals) = postSolution
		SolutionGuid = {C665EA9F-FB52-475B-9AC4-174737C6CB9D}
	EndGlobalSection
EndGlobal
